
Microsoft Visual Studio Solution File, Format Version 12.00
# Visual Studio 15
VisualStudioVersion = 15.0.28307.645
MinimumVisualStudioVersion = 10.0.40219.1
Project("{FAE04EC0-301F-11D3-BF4B-00C04F79EFBC}") = "RealBigCompany", "RealBigCompany\RealBigCompany.csproj", "{84516A62-0EFB-44F8-AE00-7E0C9EEE0692}"
EndProject
Global
	GlobalSection(SolutionConfigurationPlatforms) = preSolution
		Debug|Any CPU = Debug|Any CPU
		Release|Any CPU = Release|Any CPU
	EndGlobalSection
	GlobalSection(ProjectConfigurationPlatforms) = postSolution
		{84516A62-0EFB-44F8-AE00-7E0C9EEE0692}.Debug|Any CPU.ActiveCfg = Debug|Any CPU
		{84516A62-0EFB-44F8-AE00-7E0C9EEE0692}.Debug|Any CPU.Build.0 = Debug|Any CPU
		{84516A62-0EFB-44F8-AE00-7E0C9EEE0692}.Release|Any CPU.ActiveCfg = Release|Any CPU
		{84516A62-0EFB-44F8-AE00-7E0C9EEE0692}.Release|Any CPU.Build.0 = Release|Any CPU
	EndGlobalSection
	GlobalSection(SolutionProperties) = preSolution
		HideSolutionNode = FALSE
	EndGlobalSection
	GlobalSection(ExtensibilityGlobals) = postSolution
		SolutionGuid = {B9F4434D-3269-4F22-80FD-FF2B06FF1144}
	EndGlobalSection
EndGlobal
